
Microsoft Visual Studio Solution File, Format Version 12.00
# Visual Studio Version 16
VisualStudioVersion = 16.0.31515.178
MinimumVisualStudioVersion = 10.0.40219.1
Project("{FAE04EC0-301F-11D3-BF4B-00C04F79EFBC}") = "TpAjedrezTableroLP2", "TpAjedrezTableroLP2\TpAjedrezTableroLP2.csproj", "{C5B44C13-657D-47B8-B653-F518BAF2068E}"
EndProject
Global
	GlobalSection(SolutionConfigurationPlatforms) = preSolution
		Debug|Any CPU = Debug|Any CPU
		Release|Any CPU = Release|Any CPU
	EndGlobalSection
	GlobalSection(ProjectConfigurationPlatforms) = postSolution
		{C5B44C13-657D-47B8-B653-F518BAF2068E}.Debug|Any CPU.ActiveCfg = Debug|Any CPU
		{C5B44C13-657D-47B8-B653-F518BAF2068E}.Debug|Any CPU.Build.0 = Debug|Any CPU
		{C5B44C13-657D-47B8-B653-F518BAF2068E}.Release|Any CPU.ActiveCfg = Release|Any CPU
		{C5B44C13-657D-47B8-B653-F518BAF2068E}.Release|Any CPU.Build.0 = Release|Any CPU
	EndGlobalSection
	GlobalSection(SolutionProperties) = preSolution
		HideSolutionNode = FALSE
	EndGlobalSection
	GlobalSection(ExtensibilityGlobals) = postSolution
		SolutionGuid = {2DE3114D-65C6-4026-8C46-4DFE9715C1BF}
	EndGlobalSection
EndGlobal
